
Microsoft Visual Studio Solution File, Format Version 12.00
Project("{FAE04EC0-301F-11D3-BF4B-00C04F79EFBC}") = "Relay", "src\Relay.csproj", "{4FE321DD-A035-430D-8C67-7E47AD1AB049}"
EndProject
Project("{2150E333-8FDC-42A3-9474-1A3956D46DE8}") = "Examples", "Examples", "{2DBE46D5-AB38-4455-8FE2-86A2BFA063E1}"
EndProject
Project("{FAE04EC0-301F-11D3-BF4B-00C04F79EFBC}") = "Relay.Examples.Basic", "examples\Relay.Examples.Basic\Relay.Examples.Basic.csproj", "{7C77897A-8967-431D-9E06-200F5C11628C}"
EndProject
Project("{FAE04EC0-301F-11D3-BF4B-00C04F79EFBC}") = "Relay.Tests", "tests\Relay.Tests\Relay.Tests.csproj", "{537B681F-5B1A-4E36-9EED-8CC30E5D2E81}"
EndProject
Project("{FAE04EC0-301F-11D3-BF4B-00C04F79EFBC}") = "Relay.Examples.Conditional", "examples\Relay.Examples.Conditional\Relay.Examples.Conditional.csproj", "{76989990-FEE3-4C8F-82B5-2FC52617C676}"
EndProject
Project("{FAE04EC0-301F-11D3-BF4B-00C04F79EFBC}") = "Relay.Examples.MultiBroadcasting", "examples\Relay.Examples.MultiBroadcasting\Relay.Examples.MultiBroadcasting.csproj", "{35C9EA01-DA81-42D7-855D-6C80E9AFDEA4}"
EndProject
Project("{FAE04EC0-301F-11D3-BF4B-00C04F79EFBC}") = "Relay.Examples.MultiFailover", "examples\Relay.Examples.MultiFailover\Relay.Examples.MultiFailover.csproj", "{312AF4B0-A25B-4B70-AD8D-15325BBC9459}"
EndProject
Project("{FAE04EC0-301F-11D3-BF4B-00C04F79EFBC}") = "Relay.Examples.Adapter", "examples\Relay.Examples.Adapter\Relay.Examples.Adapter.csproj", "{4C6B9918-D8F0-4329-92D7-FC7EB0197681}"
EndProject
Project("{FAE04EC0-301F-11D3-BF4B-00C04F79EFBC}") = "Relay.Examples.AdapterFactory", "examples\Relay.Examples.AdapterFactory\Relay.Examples.AdapterFactory.csproj", "{DB77AE40-5BCF-4ECC-ADF7-9080A69E7368}"
EndProject
Project("{FAE04EC0-301F-11D3-BF4B-00C04F79EFBC}") = "Relay.Examples.Factory", "examples\Relay.Examples.Factory\Relay.Examples.Factory.csproj", "{4EBFF6A8-770F-4723-87EE-70175DE20891}"
EndProject
Project("{FAE04EC0-301F-11D3-BF4B-00C04F79EFBC}") = "Relay.Examples.ParallelWithResults", "examples\Relay.Examples.ParallelWithResults\Relay.Examples.ParallelWithResults.csproj", "{797A2714-3414-4249-A1B6-D0132422E075}"
EndProject
Project("{FAE04EC0-301F-11D3-BF4B-00C04F79EFBC}") = "Relay.Examples.ConditionalRouting", "examples\Relay.Examples.ConditionalRouting\Relay.Examples.ConditionalRouting.csproj", "{44A73063-EC5C-41DA-A6E7-B042C4FC73B4}"
EndProject
Project("{FAE04EC0-301F-11D3-BF4B-00C04F79EFBC}") = "Relay.Examples.Integration", "examples\Relay.Examples.Integration\Relay.Examples.Integration.csproj", "{32A8A4D5-52C0-4383-9933-A21C9F2D878F}"
EndProject
Project("{FAE04EC0-301F-11D3-BF4B-00C04F79EFBC}") = "Relay.Examples.DecorateWith", "examples\Relay.Examples.DecorateWith\Relay.Examples.DecorateWith.csproj", "{B7D20116-EB4A-4207-8C02-2C9F4728FA5F}"
EndProject
Project("{FAE04EC0-301F-11D3-BF4B-00C04F79EFBC}") = "Relay.Examples.AdvancedDecorator", "examples\Relay.Examples.AdvancedDecorator\Relay.Examples.AdvancedDecorator.csproj", "{242EB29B-65C0-4B1F-A496-5BF256201D6B}"
EndProject
Global
	GlobalSection(SolutionConfigurationPlatforms) = preSolution
		Debug|Any CPU = Debug|Any CPU
		Release|Any CPU = Release|Any CPU
	EndGlobalSection
	GlobalSection(ProjectConfigurationPlatforms) = postSolution
		{4FE321DD-A035-430D-8C67-7E47AD1AB049}.Debug|Any CPU.ActiveCfg = Debug|Any CPU
		{4FE321DD-A035-430D-8C67-7E47AD1AB049}.Debug|Any CPU.Build.0 = Debug|Any CPU
		{4FE321DD-A035-430D-8C67-7E47AD1AB049}.Release|Any CPU.ActiveCfg = Release|Any CPU
		{4FE321DD-A035-430D-8C67-7E47AD1AB049}.Release|Any CPU.Build.0 = Release|Any CPU
		{7C77897A-8967-431D-9E06-200F5C11628C}.Debug|Any CPU.ActiveCfg = Debug|Any CPU
		{7C77897A-8967-431D-9E06-200F5C11628C}.Debug|Any CPU.Build.0 = Debug|Any CPU
		{7C77897A-8967-431D-9E06-200F5C11628C}.Release|Any CPU.ActiveCfg = Release|Any CPU
		{7C77897A-8967-431D-9E06-200F5C11628C}.Release|Any CPU.Build.0 = Release|Any CPU
		{537B681F-5B1A-4E36-9EED-8CC30E5D2E81}.Debug|Any CPU.ActiveCfg = Debug|Any CPU
		{537B681F-5B1A-4E36-9EED-8CC30E5D2E81}.Debug|Any CPU.Build.0 = Debug|Any CPU
		{537B681F-5B1A-4E36-9EED-8CC30E5D2E81}.Release|Any CPU.ActiveCfg = Release|Any CPU
		{537B681F-5B1A-4E36-9EED-8CC30E5D2E81}.Release|Any CPU.Build.0 = Release|Any CPU
		{76989990-FEE3-4C8F-82B5-2FC52617C676}.Debug|Any CPU.ActiveCfg = Debug|Any CPU
		{76989990-FEE3-4C8F-82B5-2FC52617C676}.Debug|Any CPU.Build.0 = Debug|Any CPU
		{76989990-FEE3-4C8F-82B5-2FC52617C676}.Release|Any CPU.ActiveCfg = Release|Any CPU
		{76989990-FEE3-4C8F-82B5-2FC52617C676}.Release|Any CPU.Build.0 = Release|Any CPU
		{35C9EA01-DA81-42D7-855D-6C80E9AFDEA4}.Debug|Any CPU.ActiveCfg = Debug|Any CPU
		{35C9EA01-DA81-42D7-855D-6C80E9AFDEA4}.Debug|Any CPU.Build.0 = Debug|Any CPU
		{35C9EA01-DA81-42D7-855D-6C80E9AFDEA4}.Release|Any CPU.ActiveCfg = Release|Any CPU
		{35C9EA01-DA81-42D7-855D-6C80E9AFDEA4}.Release|Any CPU.Build.0 = Release|Any CPU
		{312AF4B0-A25B-4B70-AD8D-15325BBC9459}.Debug|Any CPU.ActiveCfg = Debug|Any CPU
		{312AF4B0-A25B-4B70-AD8D-15325BBC9459}.Debug|Any CPU.Build.0 = Debug|Any CPU
		{312AF4B0-A25B-4B70-AD8D-15325BBC9459}.Release|Any CPU.ActiveCfg = Release|Any CPU
		{312AF4B0-A25B-4B70-AD8D-15325BBC9459}.Release|Any CPU.Build.0 = Release|Any CPU
		{4C6B9918-D8F0-4329-92D7-FC7EB0197681}.Debug|Any CPU.ActiveCfg = Debug|Any CPU
		{4C6B9918-D8F0-4329-92D7-FC7EB0197681}.Debug|Any CPU.Build.0 = Debug|Any CPU
		{4C6B9918-D8F0-4329-92D7-FC7EB0197681}.Release|Any CPU.ActiveCfg = Release|Any CPU
		{4C6B9918-D8F0-4329-92D7-FC7EB0197681}.Release|Any CPU.Build.0 = Release|Any CPU
		{DB77AE40-5BCF-4ECC-ADF7-9080A69E7368}.Debug|Any CPU.ActiveCfg = Debug|Any CPU
		{DB77AE40-5BCF-4ECC-ADF7-9080A69E7368}.Debug|Any CPU.Build.0 = Debug|Any CPU
		{DB77AE40-5BCF-4ECC-ADF7-9080A69E7368}.Release|Any CPU.ActiveCfg = Release|Any CPU
		{DB77AE40-5BCF-4ECC-ADF7-9080A69E7368}.Release|Any CPU.Build.0 = Release|Any CPU
		{4EBFF6A8-770F-4723-87EE-70175DE20891}.Debug|Any CPU.ActiveCfg = Debug|Any CPU
		{4EBFF6A8-770F-4723-87EE-70175DE20891}.Debug|Any CPU.Build.0 = Debug|Any CPU
		{4EBFF6A8-770F-4723-87EE-70175DE20891}.Release|Any CPU.ActiveCfg = Release|Any CPU
		{4EBFF6A8-770F-4723-87EE-70175DE20891}.Release|Any CPU.Build.0 = Release|Any CPU
		{797A2714-3414-4249-A1B6-D0132422E075}.Debug|Any CPU.ActiveCfg = Debug|Any CPU
		{797A2714-3414-4249-A1B6-D0132422E075}.Debug|Any CPU.Build.0 = Debug|Any CPU
		{797A2714-3414-4249-A1B6-D0132422E075}.Release|Any CPU.ActiveCfg = Release|Any CPU
		{797A2714-3414-4249-A1B6-D0132422E075}.Release|Any CPU.Build.0 = Release|Any CPU
		{44A73063-EC5C-41DA-A6E7-B042C4FC73B4}.Debug|Any CPU.ActiveCfg = Debug|Any CPU
		{44A73063-EC5C-41DA-A6E7-B042C4FC73B4}.Debug|Any CPU.Build.0 = Debug|Any CPU
		{44A73063-EC5C-41DA-A6E7-B042C4FC73B4}.Release|Any CPU.ActiveCfg = Release|Any CPU
		{44A73063-EC5C-41DA-A6E7-B042C4FC73B4}.Release|Any CPU.Build.0 = Release|Any CPU
		{32A8A4D5-52C0-4383-9933-A21C9F2D878F}.Debug|Any CPU.ActiveCfg = Debug|Any CPU
		{32A8A4D5-52C0-4383-9933-A21C9F2D878F}.Debug|Any CPU.Build.0 = Debug|Any CPU
		{32A8A4D5-52C0-4383-9933-A21C9F2D878F}.Release|Any CPU.ActiveCfg = Release|Any CPU
		{32A8A4D5-52C0-4383-9933-A21C9F2D878F}.Release|Any CPU.Build.0 = Release|Any CPU
		{B7D20116-EB4A-4207-8C02-2C9F4728FA5F}.Debug|Any CPU.ActiveCfg = Debug|Any CPU
		{B7D20116-EB4A-4207-8C02-2C9F4728FA5F}.Debug|Any CPU.Build.0 = Debug|Any CPU
		{B7D20116-EB4A-4207-8C02-2C9F4728FA5F}.Release|Any CPU.ActiveCfg = Release|Any CPU
		{B7D20116-EB4A-4207-8C02-2C9F4728FA5F}.Release|Any CPU.Build.0 = Release|Any CPU
		{242EB29B-65C0-4B1F-A496-5BF256201D6B}.Debug|Any CPU.ActiveCfg = Debug|Any CPU
		{242EB29B-65C0-4B1F-A496-5BF256201D6B}.Debug|Any CPU.Build.0 = Debug|Any CPU
		{242EB29B-65C0-4B1F-A496-5BF256201D6B}.Release|Any CPU.ActiveCfg = Release|Any CPU
		{242EB29B-65C0-4B1F-A496-5BF256201D6B}.Release|Any CPU.Build.0 = Release|Any CPU
	EndGlobalSection
	GlobalSection(NestedProjects) = preSolution
		{7C77897A-8967-431D-9E06-200F5C11628C} = {2DBE46D5-AB38-4455-8FE2-86A2BFA063E1}
		{76989990-FEE3-4C8F-82B5-2FC52617C676} = {2DBE46D5-AB38-4455-8FE2-86A2BFA063E1}
		{35C9EA01-DA81-42D7-855D-6C80E9AFDEA4} = {2DBE46D5-AB38-4455-8FE2-86A2BFA063E1}
		{312AF4B0-A25B-4B70-AD8D-15325BBC9459} = {2DBE46D5-AB38-4455-8FE2-86A2BFA063E1}
		{4C6B9918-D8F0-4329-92D7-FC7EB0197681} = {2DBE46D5-AB38-4455-8FE2-86A2BFA063E1}
		{DB77AE40-5BCF-4ECC-ADF7-9080A69E7368} = {2DBE46D5-AB38-4455-8FE2-86A2BFA063E1}
		{4EBFF6A8-770F-4723-87EE-70175DE20891} = {2DBE46D5-AB38-4455-8FE2-86A2BFA063E1}
		{797A2714-3414-4249-A1B6-D0132422E075} = {2DBE46D5-AB38-4455-8FE2-86A2BFA063E1}
		{44A73063-EC5C-41DA-A6E7-B042C4FC73B4} = {2DBE46D5-AB38-4455-8FE2-86A2BFA063E1}
		{32A8A4D5-52C0-4383-9933-A21C9F2D878F} = {2DBE46D5-AB38-4455-8FE2-86A2BFA063E1}
		{B7D20116-EB4A-4207-8C02-2C9F4728FA5F} = {2DBE46D5-AB38-4455-8FE2-86A2BFA063E1}
		{242EB29B-65C0-4B1F-A496-5BF256201D6B} = {2DBE46D5-AB38-4455-8FE2-86A2BFA063E1}
	EndGlobalSection
EndGlobal
